lockfileVersion: '9.0'

settings:
  autoInstallPeers: true
  excludeLinksFromLockfile: false

importers:

  .:
    devDependencies:
      lightningcss-cli:
        specifier: ^1.33.0
        version: 1.33.0

packages:

  detect-libc@2.1.2:
    resolution: {integrity: sha512-Btj2BOOO83o3WyH59e8MgXsxEQVcarkUOpEYrubB0urwnN10yQ364rsiByU11nZlqWYZm05i/of7io4mzihBtQ==}
    engines: {node: '>=8'}

  lightningcss-cli-android-arm64@1.33.0:
    resolution: {integrity: sha512-c0Xd7Gxaw3mNOyrb9ET1JH3JjuB69GY/6pHO4vgwEbIoHCXAt6DBg6kxr5t/oZL9LRxdnZCXF+o0Evz6kuR/xA==}
    engines: {node: '>= 12.0.0'}
    cpu: [arm64]
    os: [android]

  lightningcss-cli-darwin-arm64@1.33.0:
    resolution: {integrity: sha512-sso5hSFPis7ldw2FcBopsZviSVAXWRGX8ybUwMhQHssTlERenQJ88WihZs08tCdSnQULo2kunnrGhh4VjRw8Fg==}
    engines: {node: '>= 12.0.0'}
    cpu: [arm64]
    os: [darwin]

  lightningcss-cli-darwin-x64@1.33.0:
    resolution: {integrity: sha512-/aDYpMv2QKpJoSIwvwpIs4tIX9SCU894eospSm55FR5MxDZkJDy4fEX6elsXkHCBDqbAknb4qd2h/oDMLTC4Ew==}
    engines: {node: '>= 12.0.0'}
    cpu: [x64]
    os: [darwin]

  lightningcss-cli-freebsd-x64@1.33.0:
    resolution: {integrity: sha512-kK9u4IEAvt3+1m7lkloyfZNfXykXq2vCH7lgZ5aEqa8VuBZYqvcAIQ4Qt1593QJxbko9HEKUP0erdSxw7k7eFw==}
    engines: {node: '>= 12.0.0'}
    cpu: [x64]
    os: [freebsd]

  lightningcss-cli-linux-arm-gnueabihf@1.33.0:
    resolution: {integrity: sha512-4bHmUlYCb8WKdPKx2yhk8y/kD034JVuUatDMWav0uU/hEIYJrxPimWBJJ4w2lgpcWchVnk/Kuihs4vaLjO/ozw==}
    engines: {node: '>= 12.0.0'}
    cpu: [arm]
    os: [linux]

  lightningcss-cli-linux-arm64-gnu@1.33.0:
    resolution: {integrity: sha512-DkYmkBix3icAZKZsxGsjBAj59CIV0zflZtsT66lCPd2z3OqBLJlhKRrw4TlAW7mIkYeOEYWKVz/G00ZGXNse4A==}
    engines: {node: '>= 12.0.0'}
    cpu: [arm64]
    os: [linux]
    libc: [glibc]

  lightningcss-cli-linux-arm64-musl@1.33.0:
    resolution: {integrity: sha512-euNOhzo1ysRl719HfFzRe9r9usWO2Z/Nb8RnmqXxb/kvzOgAv2BcflpoTu6tWhSrbHX6YS/WP6mMFrmII6T7Hw==}
    engines: {node: '>= 12.0.0'}
    cpu: [arm64]
    os: [linux]
    libc: [musl]

  lightningcss-cli-linux-x64-gnu@1.33.0:
    resolution: {integrity: sha512-9Q4DAglm17bLhA+HZPB+vxjrHXdhR/8U44zyc8MQNA5Rw+tisvcoR/lv4iuBUFn2qreYVRWQq0wP0rgdhTSxyQ==}
    engines: {node: '>= 12.0.0'}
    cpu: [x64]
    os: [linux]
    libc: [glibc]

  lightningcss-cli-linux-x64-musl@1.33.0:
    resolution: {integrity: sha512-+EobHdqxQ21SUMF8OU0qcizNIrLpPDaPTKQCaGbra9gL3NrW3ELG+exZl5y+WzJsEjLZ0hhjbCFjHUL/03H2JA==}
    engines: {node: '>= 12.0.0'}
    cpu: [x64]
    os: [linux]
    libc: [musl]

  lightningcss-cli-win32-arm64-msvc@1.33.0:
    resolution: {integrity: sha512-iwQ+8rHQy3ewC4c43Ik3UZ8TCC/rjShP3r/8TOPw4fT8wQmW7dS3BNNHPK+LWz9qNrObATJ4MZEEZVRneckOBw==}
    engines: {node: '>= 12.0.0'}
    cpu: [arm64]
    os: [win32]

  lightningcss-cli-win32-x64-msvc@1.33.0:
    resolution: {integrity: sha512-sgtNPw2gxnY8OzCCMTKCkHSIiBYb/wfXLpLMmDIJFzcX2OETY+VOnQd7OBHx+hVSlrMU7iWL6oJ5rc+nQwteVA==}
    engines: {node: '>= 12.0.0'}
    cpu: [x64]
    os: [win32]

  lightningcss-cli@1.33.0:
    resolution: {integrity: sha512-/tBcBZlBFFxy1iYKDC/HSH/NEjv7Frq6dmDVKRbhGJQI/gFJIJ1/4ZXclxJkd0eEjBjDc5MY0YugHcvJVVGJVg==}
    engines: {node: '>= 12.0.0'}
    hasBin: true

snapshots:

  detect-libc@2.1.2: {}

  lightningcss-cli-android-arm64@1.33.0:
    optional: true

  lightningcss-cli-darwin-arm64@1.33.0:
    optional: true

  lightningcss-cli-darwin-x64@1.33.0:
    optional: true

  lightningcss-cli-freebsd-x64@1.33.0:
    optional: true

  lightningcss-cli-linux-arm-gnueabihf@1.33.0:
    optional: true

  lightningcss-cli-linux-arm64-gnu@1.33.0:
    optional: true

  lightningcss-cli-linux-arm64-musl@1.33.0:
    optional: true

  lightningcss-cli-linux-x64-gnu@1.33.0:
    optional: true

  lightningcss-cli-linux-x64-musl@1.33.0:
    optional: true

  lightningcss-cli-win32-arm64-msvc@1.33.0:
    optional: true

  lightningcss-cli-win32-x64-msvc@1.33.0:
    optional: true

  lightningcss-cli@1.33.0:
    dependencies:
      detect-libc: 2.1.2
    optionalDependencies:
      lightningcss-cli-android-arm64: 1.33.0
      lightningcss-cli-darwin-arm64: 1.33.0
      lightningcss-cli-darwin-x64: 1.33.0
      lightningcss-cli-freebsd-x64: 1.33.0
      lightningcss-cli-linux-arm-gnueabihf: 1.33.0
      lightningcss-cli-linux-arm64-gnu: 1.33.0
      lightningcss-cli-linux-arm64-musl: 1.33.0
      lightningcss-cli-linux-x64-gnu: 1.33.0
      lightningcss-cli-linux-x64-musl: 1.33.0
      lightningcss-cli-win32-arm64-msvc: 1.33.0
      lightningcss-cli-win32-x64-msvc: 1.33.0
